
Microsoft Visual Studio Solution File, Format Version 12.00
# Visual Studio Version 17
VisualStudioVersion = 17.5.33414.496
MinimumVisualStudioVersion = 10.0.40219.1
Project("{9A19103F-16F7-4668-BE54-9A1E7A4F7556}") = "ZipReader", "ZipReader.csproj", "{F39212E5-63EC-4AAF-88F3-808EC0386125}"
EndProject
Global
	GlobalSection(SolutionConfigurationPlatforms) = preSolution
		Debug|Any CPU = Debug|Any CPU
		Release|Any CPU = Release|Any CPU
	EndGlobalSection
	GlobalSection(ProjectConfigurationPlatforms) = postSolution
		{F39212E5-63EC-4AAF-88F3-808EC0386125}.Debug|Any CPU.ActiveCfg = Debug|Any CPU
		{F39212E5-63EC-4AAF-88F3-808EC0386125}.Debug|Any CPU.Build.0 = Debug|Any CPU
		{F39212E5-63EC-4AAF-88F3-808EC0386125}.Release|Any CPU.ActiveCfg = Release|Any CPU
		{F39212E5-63EC-4AAF-88F3-808EC0386125}.Release|Any CPU.Build.0 = Release|Any CPU
	EndGlobalSection
	GlobalSection(SolutionProperties) = preSolution
		HideSolutionNode = FALSE
	EndGlobalSection
	GlobalSection(ExtensibilityGlobals) = postSolution
		SolutionGuid = {6CFAD92A-890F-4FBE-84F7-9A33E7F58203}
	EndGlobalSection
EndGlobal
